// !$*UTF8*$!
{
	archiveVersion = 1;
	classes = {
	};
	objectVersion = 52;
	objects = {

/* Begin PBXBuildFile section */
		F24B2EEC26C4F90500E87E0C /* AppDelegate.swift in Sources */ = {isa = PBXBuildFile; fileRef = F24B2EEB26C4F90500E87E0C /* AppDelegate.swift */; };
		F24B2EEE26C4F90500E87E0C /* SceneDelegate.swift in Sources */ = {isa = PBXBuildFile; fileRef = F24B2EED26C4F90500E87E0C /* SceneDelegate.swift */; };
		F24B2EF026C4F90500E87E0C /* ViewController.swift in Sources */ = {isa = PBXBuildFile; fileRef = F24B2EEF26C4F90500E87E0C /* ViewController.swift */; };
		F24B2EF326C4F90500E87E0C /* Main.storyboard in Resources */ = {isa = PBXBuildFile; fileRef = F24B2EF126C4F90500E87E0C /* Main.storyboard */; };
		F24B2EF526C4F90600E87E0C /* Assets.xcassets in Resources */ = {isa = PBXBuildFile; fileRef = F24B2EF426C4F90600E87E0C /* Assets.xcassets */; };
		F24B2EF826C4F90600E87E0C /* LaunchScreen.storyboard in Resources */ = {isa = PBXBuildFile; fileRef = F24B2EF626C4F90600E87E0C /* LaunchScreen.storyboard */; };
		F24B2F0326C4F90600E87E0C /* TECHNIFUTUR_EVIOS3Tests.swift in Sources */ = {isa = PBXBuildFile; fileRef = F24B2F0226C4F90600E87E0C /* TECHNIFUTUR_EVIOS3Tests.swift */; };
		F24B2F0E26C4F90600E87E0C /* TECHNIFUTUR_EVIOS3UITests.swift in Sources */ = {isa = PBXBuildFile; fileRef = F24B2F0D26C4F90600E87E0C /* TECHNIFUTUR_EVIOS3UITests.swift */; };
		F24B2F1E26C4FC2800E87E0C /* CryptoLiveViewController.swift in Sources */ = {isa = PBXBuildFile; fileRef = F24B2F1D26C4FC2800E87E0C /* CryptoLiveViewController.swift */; };
		F24B2F2026C4FC7800E87E0C /* CryptoViewController.swift in Sources */ = {isa = PBXBuildFile; fileRef = F24B2F1F26C4FC7800E87E0C /* CryptoViewController.swift */; };
		F24B2F2226C4FDDC00E87E0C /* CryptoDetailsViewController.swift in Sources */ = {isa = PBXBuildFile; fileRef = F24B2F2126C4FDDC00E87E0C /* CryptoDetailsViewController.swift */; };
		F24B2F2526C4FF2300E87E0C /* CryptoLiveTableViewCell.swift in Sources */ = {isa = PBXBuildFile; fileRef = F24B2F2326C4FF2300E87E0C /* CryptoLiveTableViewCell.swift */; };
		F24B2F2626C4FF2300E87E0C /* CryptoLiveTableViewCell.xib in Resources */ = {isa = PBXBuildFile; fileRef = F24B2F2426C4FF2300E87E0C /* CryptoLiveTableViewCell.xib */; };
		F24B2F2826C502BE00E87E0C /* Crypto.swift in Sources */ = {isa = PBXBuildFile; fileRef = F24B2F2726C502BE00E87E0C /* Crypto.swift */; };
		F24B2F2B26C503ED00E87E0C /* AlamofireImage in Frameworks */ = {isa = PBXBuildFile; productRef = F24B2F2A26C503ED00E87E0C /* AlamofireImage */; };
		F24B2F2D26C506CC00E87E0C /* Data.swift in Sources */ = {isa = PBXBuildFile; fileRef = F24B2F2C26C506CC00E87E0C /* Data.swift */; };
		F24B2F3526C51D4200E87E0C /* DataHistory.swift in Sources */ = {isa = PBXBuildFile; fileRef = F24B2F3426C51D4200E87E0C /* DataHistory.swift */; };
		F24B2F3726C51D8300E87E0C /* DetailHistory.swift in Sources */ = {isa = PBXBuildFile; fileRef = F24B2F3626C51D8300E87E0C /* DetailHistory.swift */; };
		F24B2F3A26C529CA00E87E0C /* DetailsViewCellTableViewCell.swift in Sources */ = {isa = PBXBuildFile; fileRef = F24B2F3826C529CA00E87E0C /* DetailsViewCellTableViewCell.swift */; };
		F24B2F3B26C529CA00E87E0C /* DetailsViewCellTableViewCell.xib in Resources */ = {isa = PBXBuildFile; fileRef = F24B2F3926C529CA00E87E0C /* DetailsViewCellTableViewCell.xib */; };
		F24B2F3E26C52B7E00E87E0C /* CryptoTableViewCell.swift in Sources */ = {isa = PBXBuildFile; fileRef = F24B2F3C26C52B7E00E87E0C /* CryptoTableViewCell.swift */; };
		F24B2F3F26C52B7E00E87E0C /* CryptoTableViewCell.xib in Resources */ = {isa = PBXBuildFile; fileRef = F24B2F3D26C52B7E00E87E0C /* CryptoTableViewCell.xib */; };
		F24B2F4126C52D4900E87E0C /* ImageStruct.swift in Sources */ = {isa = PBXBuildFile; fileRef = F24B2F4026C52D4900E87E0C /* ImageStruct.swift */; };
		F24B2F4326C52D5E00E87E0C /* DataImage.swift in Sources */ = {isa = PBXBuildFile; fileRef = F24B2F4226C52D5E00E87E0C /* DataImage.swift */; };
/* End PBXBuildFile section */

/* Begin PBXContainerItemProxy section */
		F24B2EFF26C4F90600E87E0C /* PBXContainerItemProxy */ = {
			isa = PBXContainerItemProxy;
			containerPortal = F24B2EE026C4F90500E87E0C /* Project object */;
			proxyType = 1;
			remoteGlobalIDString = F24B2EE726C4F90500E87E0C;
			remoteInfo = "TECHNIFUTUR-EVIOS3";
		};
		F24B2F0A26C4F90600E87E0C /* PBXContainerItemProxy */ = {
			isa = PBXContainerItemProxy;
			containerPortal = F24B2EE026C4F90500E87E0C /* Project object */;
			proxyType = 1;
			remoteGlobalIDString = F24B2EE726C4F90500E87E0C;
			remoteInfo = "TECHNIFUTUR-EVIOS3";
		};
/* End PBXContainerItemProxy section */

/* Begin PBXFileReference section */
		F24B2EE826C4F90500E87E0C /* TECHNIFUTUR-EVIOS3.app */ = {isa = PBXFileReference; explicitFileType = wrapper.application; includeInIndex = 0; path = "TECHNIFUTUR-EVIOS3.app"; sourceTree = BUILT_PRODUCTS_DIR; };
		F24B2EEB26C4F90500E87E0C /* AppDelegate.swift */ = {isa = PBXFileReference; lastKnownFileType = sourcecode.swift; path = AppDelegate.swift; sourceTree = "<group>"; };
		F24B2EED26C4F90500E87E0C /* SceneDelegate.swift */ = {isa = PBXFileReference; lastKnownFileType = sourcecode.swift; path = SceneDelegate.swift; sourceTree = "<group>"; };
		F24B2EEF26C4F90500E87E0C /* ViewController.swift */ = {isa = PBXFileReference; lastKnownFileType = sourcecode.swift; path = ViewController.swift; sourceTree = "<group>"; };
		F24B2EF226C4F90500E87E0C /* Base */ = {isa = PBXFileReference; lastKnownFileType = file.storyboard; name = Base; path = Base.lproj/Main.storyboard; sourceTree = "<group>"; };
		F24B2EF426C4F90600E87E0C /* Assets.xcassets */ = {isa = PBXFileReference; lastKnownFileType = folder.assetcatalog; path = Assets.xcassets; sourceTree = "<group>"; };
		F24B2EF726C4F90600E87E0C /* Base */ = {isa = PBXFileReference; lastKnownFileType = file.storyboard; name = Base; path = Base.lproj/LaunchScreen.storyboard; sourceTree = "<group>"; };
		F24B2EF926C4F90600E87E0C /* Info.plist */ = {isa = PBXFileReference; lastKnownFileType = text.plist.xml; path = Info.plist; sourceTree = "<group>"; };
		F24B2EFE26C4F90600E87E0C /* TECHNIFUTUR-EVIOS3Tests.xctest */ = {isa = PBXFileReference; explicitFileType = wrapper.cfbundle; includeInIndex = 0; path = "TECHNIFUTUR-EVIOS3Tests.xctest"; sourceTree = BUILT_PRODUCTS_DIR; };
		F24B2F0226C4F90600E87E0C /* TECHNIFUTUR_EVIOS3Tests.swift */ = {isa = PBXFileReference; lastKnownFileType = sourcecode.swift; path = TECHNIFUTUR_EVIOS3Tests.swift; sourceTree = "<group>"; };
		F24B2F0426C4F90600E87E0C /* Info.plist */ = {isa = PBXFileReference; lastKnownFileType = text.plist.xml; path = Info.plist; sourceTree = "<group>"; };
		F24B2F0926C4F90600E87E0C /* TECHNIFUTUR-EVIOS3UITests.xctest */ = {isa = PBXFileReference; explicitFileType = wrapper.cfbundle; includeInIndex = 0; path = "TECHNIFUTUR-EVIOS3UITests.xctest"; sourceTree = BUILT_PRODUCTS_DIR; };
		F24B2F0D26C4F90600E87E0C /* TECHNIFUTUR_EVIOS3UITests.swift */ = {isa = PBXFileReference; lastKnownFileType = sourcecode.swift; path = TECHNIFUTUR_EVIOS3UITests.swift; sourceTree = "<group>"; };
		F24B2F0F26C4F90600E87E0C /* Info.plist */ = {isa = PBXFileReference; lastKnownFileType = text.plist.xml; path = Info.plist; sourceTree = "<group>"; };
		F24B2F1D26C4FC2800E87E0C /* CryptoLiveViewController.swift */ = {isa = PBXFileReference; lastKnownFileType = sourcecode.swift; path = CryptoLiveViewController.swift; sourceTree = "<group>"; };
		F24B2F1F26C4FC7800E87E0C /* CryptoViewController.swift */ = {isa = PBXFileReference; lastKnownFileType = sourcecode.swift; path = CryptoViewController.swift; sourceTree = "<group>"; };
		F24B2F2126C4FDDC00E87E0C /* CryptoDetailsViewController.swift */ = {isa = PBXFileReference; lastKnownFileType = sourcecode.swift; path = CryptoDetailsViewController.swift; sourceTree = "<group>"; };
		F24B2F2326C4FF2300E87E0C /* CryptoLiveTableViewCell.swift */ = {isa = PBXFileReference; lastKnownFileType = sourcecode.swift; path = CryptoLiveTableViewCell.swift; sourceTree = "<group>"; };
		F24B2F2426C4FF2300E87E0C /* CryptoLiveTableViewCell.xib */ = {isa = PBXFileReference; lastKnownFileType = file.xib; path = CryptoLiveTableViewCell.xib; sourceTree = "<group>"; };
		F24B2F2726C502BE00E87E0C /* Crypto.swift */ = {isa = PBXFileReference; lastKnownFileType = sourcecode.swift; path = Crypto.swift; sourceTree = "<group>"; };
		F24B2F2C26C506CC00E87E0C /* Data.swift */ = {isa = PBXFileReference; lastKnownFileType = sourcecode.swift; path = Data.swift; sourceTree = "<group>"; };
		F24B2F3426C51D4200E87E0C /* DataHistory.swift */ = {isa = PBXFileReference; lastKnownFileType = sourcecode.swift; path = DataHistory.swift; sourceTree = "<group>"; };
		F24B2F3626C51D8300E87E0C /* DetailHistory.swift */ = {isa = PBXFileReference; lastKnownFileType = sourcecode.swift; path = DetailHistory.swift; sourceTree = "<group>"; };
		F24B2F3826C529CA00E87E0C /* DetailsViewCellTableViewCell.swift */ = {isa = PBXFileReference; lastKnownFileType = sourcecode.swift; path = DetailsViewCellTableViewCell.swift; sourceTree = "<group>"; };
		F24B2F3926C529CA00E87E0C /* DetailsViewCellTableViewCell.xib */ = {isa = PBXFileReference; lastKnownFileType = file.xib; path = DetailsViewCellTableViewCell.xib; sourceTree = "<group>"; };
		F24B2F3C26C52B7E00E87E0C /* CryptoTableViewCell.swift */ = {isa = PBXFileReference; lastKnownFileType = sourcecode.swift; path = CryptoTableViewCell.swift; sourceTree = "<group>"; };
		F24B2F3D26C52B7E00E87E0C /* CryptoTableViewCell.xib */ = {isa = PBXFileReference; lastKnownFileType = file.xib; path = CryptoTableViewCell.xib; sourceTree = "<group>"; };
		F24B2F4026C52D4900E87E0C /* ImageStruct.swift */ = {isa = PBXFileReference; lastKnownFileType = sourcecode.swift; path = ImageStruct.swift; sourceTree = "<group>"; };
		F24B2F4226C52D5E00E87E0C /* DataImage.swift */ = {isa = PBXFileReference; lastKnownFileType = sourcecode.swift; path = DataImage.swift; sourceTree = "<group>"; };
/* End PBXFileReference section */

/* Begin PBXFrameworksBuildPhase section */
		F24B2EE526C4F90500E87E0C /* Frameworks */ = {
			isa = PBXFrameworksBuildPhase;
			buildActionMask = 2147483647;
			files = (
				F24B2F2B26C503ED00E87E0C /* AlamofireImage in Frameworks */,
			);
			runOnlyForDeploymentPostprocessing = 0;
		};
		F24B2EFB26C4F90600E87E0C /* Frameworks */ = {
			isa = PBXFrameworksBuildPhase;
			buildActionMask = 2147483647;
			files = (
			);
			runOnlyForDeploymentPostprocessing = 0;
		};
		F24B2F0626C4F90600E87E0C /* Frameworks */ = {
			isa = PBXFrameworksBuildPhase;
			buildActionMask = 2147483647;
			files = (
			);
			runOnlyForDeploymentPostprocessing = 0;
		};
/* End PBXFrameworksBuildPhase section */

/* Begin PBXGroup section */
		F24B2EDF26C4F90500E87E0C = {
			isa = PBXGroup;
			children = (
				F24B2EEA26C4F90500E87E0C /* TECHNIFUTUR-EVIOS3 */,
				F24B2F0126C4F90600E87E0C /* TECHNIFUTUR-EVIOS3Tests */,
				F24B2F0C26C4F90600E87E0C /* TECHNIFUTUR-EVIOS3UITests */,
				F24B2EE926C4F90500E87E0C /* Products */,
			);
			sourceTree = "<group>";
		};
		F24B2EE926C4F90500E87E0C /* Products */ = {
			isa = PBXGroup;
			children = (
				F24B2EE826C4F90500E87E0C /* TECHNIFUTUR-EVIOS3.app */,
				F24B2EFE26C4F90600E87E0C /* TECHNIFUTUR-EVIOS3Tests.xctest */,
				F24B2F0926C4F90600E87E0C /* TECHNIFUTUR-EVIOS3UITests.xctest */,
			);
			name = Products;
			sourceTree = "<group>";
		};
		F24B2EEA26C4F90500E87E0C /* TECHNIFUTUR-EVIOS3 */ = {
			isa = PBXGroup;
			children = (
				F24B2EEB26C4F90500E87E0C /* AppDelegate.swift */,
				F24B2EED26C4F90500E87E0C /* SceneDelegate.swift */,
				F24B2EEF26C4F90500E87E0C /* ViewController.swift */,
				F24B2EF126C4F90500E87E0C /* Main.storyboard */,
				F24B2EF426C4F90600E87E0C /* Assets.xcassets */,
				F24B2EF626C4F90600E87E0C /* LaunchScreen.storyboard */,
				F24B2EF926C4F90600E87E0C /* Info.plist */,
				F24B2F1D26C4FC2800E87E0C /* CryptoLiveViewController.swift */,
				F24B2F1F26C4FC7800E87E0C /* CryptoViewController.swift */,
				F24B2F2126C4FDDC00E87E0C /* CryptoDetailsViewController.swift */,
				F24B2F2326C4FF2300E87E0C /* CryptoLiveTableViewCell.swift */,
				F24B2F2426C4FF2300E87E0C /* CryptoLiveTableViewCell.xib */,
				F24B2F2726C502BE00E87E0C /* Crypto.swift */,
				F24B2F2C26C506CC00E87E0C /* Data.swift */,
				F24B2F3426C51D4200E87E0C /* DataHistory.swift */,
				F24B2F3626C51D8300E87E0C /* DetailHistory.swift */,
				F24B2F3826C529CA00E87E0C /* DetailsViewCellTableViewCell.swift */,
				F24B2F3926C529CA00E87E0C /* DetailsViewCellTableViewCell.xib */,
				F24B2F3C26C52B7E00E87E0C /* CryptoTableViewCell.swift */,
				F24B2F3D26C52B7E00E87E0C /* CryptoTableViewCell.xib */,
				F24B2F4026C52D4900E87E0C /* ImageStruct.swift */,
				F24B2F4226C52D5E00E87E0C /* DataImage.swift */,
			);
			path = "TECHNIFUTUR-EVIOS3";
			sourceTree = "<group>";
		};
		F24B2F0126C4F90600E87E0C /* TECHNIFUTUR-EVIOS3Tests */ = {
			isa = PBXGroup;
			children = (
				F24B2F0226C4F90600E87E0C /* TECHNIFUTUR_EVIOS3Tests.swift */,
				F24B2F0426C4F90600E87E0C /* Info.plist */,
			);
			path = "TECHNIFUTUR-EVIOS3Tests";
			sourceTree = "<group>";
		};
		F24B2F0C26C4F90600E87E0C /* TECHNIFUTUR-EVIOS3UITests */ = {
			isa = PBXGroup;
			children = (
				F24B2F0D26C4F90600E87E0C /* TECHNIFUTUR_EVIOS3UITests.swift */,
				F24B2F0F26C4F90600E87E0C /* Info.plist */,
			);
			path = "TECHNIFUTUR-EVIOS3UITests";
			sourceTree = "<group>";
		};
/* End PBXGroup section */

/* Begin PBXNativeTarget section */
		F24B2EE726C4F90500E87E0C /* TECHNIFUTUR-EVIOS3 */ = {
			isa = PBXNativeTarget;
			buildConfigurationList = F24B2F1226C4F90600E87E0C /* Build configuration list for PBXNativeTarget "TECHNIFUTUR-EVIOS3" */;
			buildPhases = (
				F24B2EE426C4F90500E87E0C /* Sources */,
				F24B2EE526C4F90500E87E0C /* Frameworks */,
				F24B2EE626C4F90500E87E0C /* Resources */,
			);
			buildRules = (
			);
			dependencies = (
			);
			name = "TECHNIFUTUR-EVIOS3";
			packageProductDependencies = (
				F24B2F2A26C503ED00E87E0C /* AlamofireImage */,
			);
			productName = "TECHNIFUTUR-EVIOS3";
			productReference = F24B2EE826C4F90500E87E0C /* TECHNIFUTUR-EVIOS3.app */;
			productType = "com.apple.product-type.application";
		};
		F24B2EFD26C4F90600E87E0C /* TECHNIFUTUR-EVIOS3Tests */ = {
			isa = PBXNativeTarget;
			buildConfigurationList = F24B2F1526C4F90600E87E0C /* Build configuration list for PBXNativeTarget "TECHNIFUTUR-EVIOS3Tests" */;
			buildPhases = (
				F24B2EFA26C4F90600E87E0C /* Sources */,
				F24B2EFB26C4F90600E87E0C /* Frameworks */,
				F24B2EFC26C4F90600E87E0C /* Resources */,
			);
			buildRules = (
			);
			dependencies = (
				F24B2F0026C4F90600E87E0C /* PBXTargetDependency */,
			);
			name = "TECHNIFUTUR-EVIOS3Tests";
			productName = "TECHNIFUTUR-EVIOS3Tests";
			productReference = F24B2EFE26C4F90600E87E0C /* TECHNIFUTUR-EVIOS3Tests.xctest */;
			productType = "com.apple.product-type.bundle.unit-test";
		};
		F24B2F0826C4F90600E87E0C /* TECHNIFUTUR-EVIOS3UITests */ = {
			isa = PBXNativeTarget;
			buildConfigurationList = F24B2F1826C4F90600E87E0C /* Build configuration list for PBXNativeTarget "TECHNIFUTUR-EVIOS3UITests" */;
			buildPhases = (
				F24B2F0526C4F90600E87E0C /* Sources */,
				F24B2F0626C4F90600E87E0C /* Frameworks */,
				F24B2F0726C4F90600E87E0C /* Resources */,
			);
			buildRules = (
			);
			dependencies = (
				F24B2F0B26C4F90600E87E0C /* PBXTargetDependency */,
			);
			name = "TECHNIFUTUR-EVIOS3UITests";
			productName = "TECHNIFUTUR-EVIOS3UITests";
			productReference = F24B2F0926C4F90600E87E0C /* TECHNIFUTUR-EVIOS3UITests.xctest */;
			productType = "com.apple.product-type.bundle.ui-testing";
		};
/* End PBXNativeTarget section */

/* Begin PBXProject section */
		F24B2EE026C4F90500E87E0C /* Project object */ = {
			isa = PBXProject;
			attributes = {
				LastSwiftUpdateCheck = 1250;
				LastUpgradeCheck = 1250;
				TargetAttributes = {
					F24B2EE726C4F90500E87E0C = {
						CreatedOnToolsVersion = 12.5;
					};
					F24B2EFD26C4F90600E87E0C = {
						CreatedOnToolsVersion = 12.5;
						TestTargetID = F24B2EE726C4F90500E87E0C;
					};
					F24B2F0826C4F90600E87E0C = {
						CreatedOnToolsVersion = 12.5;
						TestTargetID = F24B2EE726C4F90500E87E0C;
					};
				};
			};
			buildConfigurationList = F24B2EE326C4F90500E87E0C /* Build configuration list for PBXProject "TECHNIFUTUR-EVIOS3" */;
			compatibilityVersion = "Xcode 9.3";
			developmentRegion = en;
			hasScannedForEncodings = 0;
			knownRegions = (
				en,
				Base,
			);
			mainGroup = F24B2EDF26C4F90500E87E0C;
			packageReferences = (
				F24B2F2926C503ED00E87E0C /* XCRemoteSwiftPackageReference "AlamofireImage" */,
			);
			productRefGroup = F24B2EE926C4F90500E87E0C /* Products */;
			projectDirPath = "";
			projectRoot = "";
			targets = (
				F24B2EE726C4F90500E87E0C /* TECHNIFUTUR-EVIOS3 */,
				F24B2EFD26C4F90600E87E0C /* TECHNIFUTUR-EVIOS3Tests */,
				F24B2F0826C4F90600E87E0C /* TECHNIFUTUR-EVIOS3UITests */,
			);
		};
/* End PBXProject section */

/* Begin PBXResourcesBuildPhase section */
		F24B2EE626C4F90500E87E0C /* Resources */ = {
			isa = PBXResourcesBuildPhase;
			buildActionMask = 2147483647;
			files = (
				F24B2F2626C4FF2300E87E0C /* CryptoLiveTableViewCell.xib in Resources */,
				F24B2F3B26C529CA00E87E0C /* DetailsViewCellTableViewCell.xib in Resources */,
				F24B2EF826C4F90600E87E0C /* LaunchScreen.storyboard in Resources */,
				F24B2EF526C4F90600E87E0C /* Assets.xcassets in Resources */,
				F24B2F3F26C52B7E00E87E0C /* CryptoTableViewCell.xib in Resources */,
				F24B2EF326C4F90500E87E0C /* Main.storyboard in Resources */,
			);
			runOnlyForDeploymentPostprocessing = 0;
		};
		F24B2EFC26C4F90600E87E0C /* Resources */ = {
			isa = PBXResourcesBuildPhase;
			buildActionMask = 2147483647;
			files = (
			);
			runOnlyForDeploymentPostprocessing = 0;
		};
		F24B2F0726C4F90600E87E0C /* Resources */ = {
			isa = PBXResourcesBuildPhase;
			buildActionMask = 2147483647;
			files = (
			);
			runOnlyForDeploymentPostprocessing = 0;
		};
/* End PBXResourcesBuildPhase section */

/* Begin PBXSourcesBuildPhase section */
		F24B2EE426C4F90500E87E0C /* Sources */ = {
			isa = PBXSourcesBuildPhase;
			buildActionMask = 2147483647;
			files = (
				F24B2F3526C51D4200E87E0C /* DataHistory.swift in Sources */,
				F24B2F2826C502BE00E87E0C /* Crypto.swift in Sources */,
				F24B2F2226C4FDDC00E87E0C /* CryptoDetailsViewController.swift in Sources */,
				F24B2F2526C4FF2300E87E0C /* CryptoLiveTableViewCell.swift in Sources */,
				F24B2F3E26C52B7E00E87E0C /* CryptoTableViewCell.swift in Sources */,
				F24B2F3A26C529CA00E87E0C /* DetailsViewCellTableViewCell.swift in Sources */,
				F24B2EF026C4F90500E87E0C /* ViewController.swift in Sources */,
				F24B2F1E26C4FC2800E87E0C /* CryptoLiveViewController.swift in Sources */,
				F24B2F4126C52D4900E87E0C /* ImageStruct.swift in Sources */,
				F24B2EEC26C4F90500E87E0C /* AppDelegate.swift in Sources */,
				F24B2F3726C51D8300E87E0C /* DetailHistory.swift in Sources */,
				F24B2F2026C4FC7800E87E0C /* CryptoViewController.swift in Sources */,
				F24B2F4326C52D5E00E87E0C /* DataImage.swift in Sources */,
				F24B2F2D26C506CC00E87E0C /* Data.swift in Sources */,
				F24B2EEE26C4F90500E87E0C /* SceneDelegate.swift in Sources */,
			);
			runOnlyForDeploymentPostprocessing = 0;
		};
		F24B2EFA26C4F90600E87E0C /* Sources */ = {
			isa = PBXSourcesBuildPhase;
			buildActionMask = 2147483647;
			files = (
				F24B2F0326C4F90600E87E0C /* TECHNIFUTUR_EVIOS3Tests.swift in Sources */,
			);
			runOnlyForDeploymentPostprocessing = 0;
		};
		F24B2F0526C4F90600E87E0C /* Sources */ = {
			isa = PBXSourcesBuildPhase;
			buildActionMask = 2147483647;
			files = (
				F24B2F0E26C4F90600E87E0C /* TECHNIFUTUR_EVIOS3UITests.swift in Sources */,
			);
			runOnlyForDeploymentPostprocessing = 0;
		};
/* End PBXSourcesBuildPhase section */

/* Begin PBXTargetDependency section */
		F24B2F0026C4F90600E87E0C /* PBXTargetDependency */ = {
			isa = PBXTargetDependency;
			target = F24B2EE726C4F90500E87E0C /* TECHNIFUTUR-EVIOS3 */;
			targetProxy = F24B2EFF26C4F90600E87E0C /* PBXContainerItemProxy */;
		};
		F24B2F0B26C4F90600E87E0C /* PBXTargetDependency */ = {
			isa = PBXTargetDependency;
			target = F24B2EE726C4F90500E87E0C /* TECHNIFUTUR-EVIOS3 */;
			targetProxy = F24B2F0A26C4F90600E87E0C /* PBXContainerItemProxy */;
		};
/* End PBXTargetDependency section */

/* Begin PBXVariantGroup section */
		F24B2EF126C4F90500E87E0C /* Main.storyboard */ = {
			isa = PBXVariantGroup;
			children = (
				F24B2EF226C4F90500E87E0C /* Base */,
			);
			name = Main.storyboard;
			sourceTree = "<group>";
		};
		F24B2EF626C4F90600E87E0C /* LaunchScreen.storyboard */ = {
			isa = PBXVariantGroup;
			children = (
				F24B2EF726C4F90600E87E0C /* Base */,
			);
			name = LaunchScreen.storyboard;
			sourceTree = "<group>";
		};
/* End PBXVariantGroup section */

/* Begin XCBuildConfiguration section */
		F24B2F1026C4F90600E87E0C /* Debug */ = {
			isa = XCBuildConfiguration;
			buildSettings = {
				ALWAYS_SEARCH_USER_PATHS = NO;
				CLANG_ANALYZER_NONNULL = YES;
				CLANG_ANALYZER_NUMBER_OBJECT_CONVERSION = YES_AGGRESSIVE;
				CLANG_CXX_LANGUAGE_STANDARD = "gnu++14";
				CLANG_CXX_LIBRARY = "libc++";
				CLANG_ENABLE_MODULES = YES;
				CLANG_ENABLE_OBJC_ARC = YES;
				CLANG_ENABLE_OBJC_WEAK = YES;
				CLANG_WARN_BLOCK_CAPTURE_AUTORELEASING = YES;
				CLANG_WARN_BOOL_CONVERSION = YES;
				CLANG_WARN_COMMA = YES;
				CLANG_WARN_CONSTANT_CONVERSION = YES;
				CLANG_WARN_DEPRECATED_OBJC_IMPLEMENTATIONS = YES;
				CLANG_WARN_DIRECT_OBJC_ISA_USAGE = YES_ERROR;
				CLANG_WARN_DOCUMENTATION_COMMENTS = YES;
				CLANG_WARN_EMPTY_BODY = YES;
				CLANG_WARN_ENUM_CONVERSION = YES;
				CLANG_WARN_INFINITE_RECURSION = YES;
				CLANG_WARN_INT_CONVERSION = YES;
				CLANG_WARN_NON_LITERAL_NULL_CONVERSION = YES;
				CLANG_WARN_OBJC_IMPLICIT_RETAIN_SELF = YES;
				CLANG_WARN_OBJC_LITERAL_CONVERSION = YES;
				CLANG_WARN_OBJC_ROOT_CLASS = YES_ERROR;
				CLANG_WARN_QUOTED_INCLUDE_IN_FRAMEWORK_HEADER = YES;
				CLANG_WARN_RANGE_LOOP_ANALYSIS = YES;
				CLANG_WARN_STRICT_PROTOTYPES = YES;
				CLANG_WARN_SUSPICIOUS_MOVE = YES;
				CLANG_WARN_UNGUARDED_AVAILABILITY = YES_AGGRESSIVE;
				CLANG_WARN_UNREACHABLE_CODE = YES;
				CLANG_WARN__DUPLICATE_METHOD_MATCH = YES;
				COPY_PHASE_STRIP = NO;
				DEBUG_INFORMATION_FORMAT = dwarf;
				ENABLE_STRICT_OBJC_MSGSEND = YES;
				ENABLE_TESTABILITY = YES;
				GCC_C_LANGUAGE_STANDARD = gnu11;
				GCC_DYNAMIC_NO_PIC = NO;
				GCC_NO_COMMON_BLOCKS = YES;
				GCC_OPTIMIZATION_LEVEL = 0;
				GCC_PREPROCESSOR_DEFINITIONS = (
					"DEBUG=1",
					"$(inherited)",
				);
				GCC_WARN_64_TO_32_BIT_CONVERSION = YES;
				GCC_WARN_ABOUT_RETURN_TYPE = YES_ERROR;
				GCC_WARN_UNDECLARED_SELECTOR = YES;
				GCC_WARN_UNINITIALIZED_AUTOS = YES_AGGRESSIVE;
				GCC_WARN_UNUSED_FUNCTION = YES;
				GCC_WARN_UNUSED_VARIABLE = YES;
				IPHONEOS_DEPLOYMENT_TARGET = 14.5;
				MTL_ENABLE_DEBUG_INFO = INCLUDE_SOURCE;
				MTL_FAST_MATH = YES;
				ONLY_ACTIVE_ARCH = YES;
				SDKROOT = iphoneos;
				SWIFT_ACTIVE_COMPILATION_CONDITIONS = DEBUG;
				SWIFT_OPTIMIZATION_LEVEL = "-Onone";
			};
			name = Debug;
		};
		F24B2F1126C4F90600E87E0C /* Release */ = {
			isa = XCBuildConfiguration;
			buildSettings = {
				ALWAYS_SEARCH_USER_PATHS = NO;
				CLANG_ANALYZER_NONNULL = YES;
				CLANG_ANALYZER_NUMBER_OBJECT_CONVERSION = YES_AGGRESSIVE;
				CLANG_CXX_LANGUAGE_STANDARD = "gnu++14";
				CLANG_CXX_LIBRARY = "libc++";
				CLANG_ENABLE_MODULES = YES;
				CLANG_ENABLE_OBJC_ARC = YES;
				CLANG_ENABLE_OBJC_WEAK = YES;
				CLANG_WARN_BLOCK_CAPTURE_AUTORELEASING = YES;
				CLANG_WARN_BOOL_CONVERSION = YES;
				CLANG_WARN_COMMA = YES;
				CLANG_WARN_CONSTANT_CONVERSION = YES;
				CLANG_WARN_DEPRECATED_OBJC_IMPLEMENTATIONS = YES;
				CLANG_WARN_DIRECT_OBJC_ISA_USAGE = YES_ERROR;
				CLANG_WARN_DOCUMENTATION_COMMENTS = YES;
				CLANG_WARN_EMPTY_BODY = YES;
				CLANG_WARN_ENUM_CONVERSION = YES;
				CLANG_WARN_INFINITE_RECURSION = YES;
				CLANG_WARN_INT_CONVERSION = YES;
				CLANG_WARN_NON_LITERAL_NULL_CONVERSION = YES;
				CLANG_WARN_OBJC_IMPLICIT_RETAIN_SELF = YES;
				CLANG_WARN_OBJC_LITERAL_CONVERSION = YES;
				CLANG_WARN_OBJC_ROOT_CLASS = YES_ERROR;
				CLANG_WARN_QUOTED_INCLUDE_IN_FRAMEWORK_HEADER = YES;
				CLANG_WARN_RANGE_LOOP_ANALYSIS = YES;
				CLANG_WARN_STRICT_PROTOTYPES = YES;
				CLANG_WARN_SUSPICIOUS_MOVE = YES;
				CLANG_WARN_UNGUARDED_AVAILABILITY = YES_AGGRESSIVE;
				CLANG_WARN_UNREACHABLE_CODE = YES;
				CLANG_WARN__DUPLICATE_METHOD_MATCH = YES;
				COPY_PHASE_STRIP = NO;
				DEBUG_INFORMATION_FORMAT = "dwarf-with-dsym";
				ENABLE_NS_ASSERTIONS = NO;
				ENABLE_STRICT_OBJC_MSGSEND = YES;
				GCC_C_LANGUAGE_STANDARD = gnu11;
				GCC_NO_COMMON_BLOCKS = YES;
				GCC_WARN_64_TO_32_BIT_CONVERSION = YES;
				GCC_WARN_ABOUT_RETURN_TYPE = YES_ERROR;
				GCC_WARN_UNDECLARED_SELECTOR = YES;
				GCC_WARN_UNINITIALIZED_AUTOS = YES_AGGRESSIVE;
				GCC_WARN_UNUSED_FUNCTION = YES;
				GCC_WARN_UNUSED_VARIABLE = YES;
				IPHONEOS_DEPLOYMENT_TARGET = 14.5;
				MTL_ENABLE_DEBUG_INFO = NO;
				MTL_FAST_MATH = YES;
				SDKROOT = iphoneos;
				SWIFT_COMPILATION_MODE = wholemodule;
				SWIFT_OPTIMIZATION_LEVEL = "-O";
				VALIDATE_PRODUCT = YES;
			};
			name = Release;
		};
		F24B2F1326C4F90600E87E0C /* Debug */ = {
			isa = XCBuildConfiguration;
			buildSettings = {
				ASSETCATALOG_COMPILER_APPICON_NAME = AppIcon;
				ASSETCATALOG_COMPILER_GLOBAL_ACCENT_COLOR_NAME = AccentColor;
				CODE_SIGN_STYLE = Automatic;
				INFOPLIST_FILE = "TECHNIFUTUR-EVIOS3/Info.plist";
				LD_RUNPATH_SEARCH_PATHS = (
					"$(inherited)",
					"@executable_path/Frameworks",
				);
				PRODUCT_BUNDLE_IDENTIFIER = "com.adrien.TECHNIFUTUR-EVIOS3";
				PRODUCT_NAME = "$(TARGET_NAME)";
				SWIFT_VERSION = 5.0;
				TARGETED_DEVICE_FAMILY = "1,2";
			};
			name = Debug;
		};
		F24B2F1426C4F90600E87E0C /* Release */ = {
			isa = XCBuildConfiguration;
			buildSettings = {
				ASSETCATALOG_COMPILER_APPICON_NAME = AppIcon;
				ASSETCATALOG_COMPILER_GLOBAL_ACCENT_COLOR_NAME = AccentColor;
				CODE_SIGN_STYLE = Automatic;
				INFOPLIST_FILE = "TECHNIFUTUR-EVIOS3/Info.plist";
				LD_RUNPATH_SEARCH_PATHS = (
					"$(inherited)",
					"@executable_path/Frameworks",
				);
				PRODUCT_BUNDLE_IDENTIFIER = "com.adrien.TECHNIFUTUR-EVIOS3";
				PRODUCT_NAME = "$(TARGET_NAME)";
				SWIFT_VERSION = 5.0;
				TARGETED_DEVICE_FAMILY = "1,2";
			};
			name = Release;
		};
		F24B2F1626C4F90600E87E0C /* Debug */ = {
			isa = XCBuildConfiguration;
			buildSettings = {
				ALWAYS_EMBED_SWIFT_STANDARD_LIBRARIES = YES;
				BUNDLE_LOADER = "$(TEST_HOST)";
				CODE_SIGN_STYLE = Automatic;
				INFOPLIST_FILE = "TECHNIFUTUR-EVIOS3Tests/Info.plist";
				IPHONEOS_DEPLOYMENT_TARGET = 14.5;
				LD_RUNPATH_SEARCH_PATHS = (
					"$(inherited)",
					"@executable_path/Frameworks",
					"@loader_path/Frameworks",
				);
				PRODUCT_BUNDLE_IDENTIFIER = "com.adrien.TECHNIFUTUR-EVIOS3Tests";
				PRODUCT_NAME = "$(TARGET_NAME)";
				SWIFT_VERSION = 5.0;
				TARGETED_DEVICE_FAMILY = "1,2";
				TEST_HOST = "$(BUILT_PRODUCTS_DIR)/TECHNIFUTUR-EVIOS3.app/TECHNIFUTUR-EVIOS3";
			};
			name = Debug;
		};
		F24B2F1726C4F90600E87E0C /* Release */ = {
			isa = XCBuildConfiguration;
			buildSettings = {
				ALWAYS_EMBED_SWIFT_STANDARD_LIBRARIES = YES;
				BUNDLE_LOADER = "$(TEST_HOST)";
				CODE_SIGN_STYLE = Automatic;
				INFOPLIST_FILE = "TECHNIFUTUR-EVIOS3Tests/Info.plist";
				IPHONEOS_DEPLOYMENT_TARGET = 14.5;
				LD_RUNPATH_SEARCH_PATHS = (
					"$(inherited)",
					"@executable_path/Frameworks",
					"@loader_path/Frameworks",
				);
				PRODUCT_BUNDLE_IDENTIFIER = "com.adrien.TECHNIFUTUR-EVIOS3Tests";
				PRODUCT_NAME = "$(TARGET_NAME)";
				SWIFT_VERSION = 5.0;
				TARGETED_DEVICE_FAMILY = "1,2";
				TEST_HOST = "$(BUILT_PRODUCTS_DIR)/TECHNIFUTUR-EVIOS3.app/TECHNIFUTUR-EVIOS3";
			};
			name = Release;
		};
		F24B2F1926C4F90600E87E0C /* Debug */ = {
			isa = XCBuildConfiguration;
			buildSettings = {
				ALWAYS_EMBED_SWIFT_STANDARD_LIBRARIES = YES;
				CODE_SIGN_STYLE = Automatic;
				INFOPLIST_FILE = "TECHNIFUTUR-EVIOS3UITests/Info.plist";
				LD_RUNPATH_SEARCH_PATHS = (
					"$(inherited)",
					"@executable_path/Frameworks",
					"@loader_path/Frameworks",
				);
				PRODUCT_BUNDLE_IDENTIFIER = "com.adrien.TECHNIFUTUR-EVIOS3UITests";
				PRODUCT_NAME = "$(TARGET_NAME)";
				SWIFT_VERSION = 5.0;
				TARGETED_DEVICE_FAMILY = "1,2";
				TEST_TARGET_NAME = "TECHNIFUTUR-EVIOS3";
			};
			name = Debug;
		};
		F24B2F1A26C4F90600E87E0C /* Release */ = {
			isa = XCBuildConfiguration;
			buildSettings = {
				ALWAYS_EMBED_SWIFT_STANDARD_LIBRARIES = YES;
				CODE_SIGN_STYLE = Automatic;
				INFOPLIST_FILE = "TECHNIFUTUR-EVIOS3UITests/Info.plist";
				LD_RUNPATH_SEARCH_PATHS = (
					"$(inherited)",
					"@executable_path/Frameworks",
					"@loader_path/Frameworks",
				);
				PRODUCT_BUNDLE_IDENTIFIER = "com.adrien.TECHNIFUTUR-EVIOS3UITests";
				PRODUCT_NAME = "$(TARGET_NAME)";
				SWIFT_VERSION = 5.0;
				TARGETED_DEVICE_FAMILY = "1,2";
				TEST_TARGET_NAME = "TECHNIFUTUR-EVIOS3";
			};
			name = Release;
		};
/* End XCBuildConfiguration section */

/* Begin XCConfigurationList section */
		F24B2EE326C4F90500E87E0C /* Build configuration list for PBXProject "TECHNIFUTUR-EVIOS3" */ = {
			isa = XCConfigurationList;
			buildConfigurations = (
				F24B2F1026C4F90600E87E0C /* Debug */,
				F24B2F1126C4F90600E87E0C /* Release */,
			);
			defaultConfigurationIsVisible = 0;
			defaultConfigurationName = Release;
		};
		F24B2F1226C4F90600E87E0C /* Build configuration list for PBXNativeTarget "TECHNIFUTUR-EVIOS3" */ = {
			isa = XCConfigurationList;
			buildConfigurations = (
				F24B2F1326C4F90600E87E0C /* Debug */,
				F24B2F1426C4F90600E87E0C /* Release */,
			);
			defaultConfigurationIsVisible = 0;
			defaultConfigurationName = Release;
		};
		F24B2F1526C4F90600E87E0C /* Build configuration list for PBXNativeTarget "TECHNIFUTUR-EVIOS3Tests" */ = {
			isa = XCConfigurationList;
			buildConfigurations = (
				F24B2F1626C4F90600E87E0C /* Debug */,
				F24B2F1726C4F90600E87E0C /* Release */,
			);
			defaultConfigurationIsVisible = 0;
			defaultConfigurationName = Release;
		};
		F24B2F1826C4F90600E87E0C /* Build configuration list for PBXNativeTarget "TECHNIFUTUR-EVIOS3UITests" */ = {
			isa = XCConfigurationList;
			buildConfigurations = (
				F24B2F1926C4F90600E87E0C /* Debug */,
				F24B2F1A26C4F90600E87E0C /* Release */,
			);
			defaultConfigurationIsVisible = 0;
			defaultConfigurationName = Release;
		};
/* End XCConfigurationList section */

/* Begin XCRemoteSwiftPackageReference section */
		F24B2F2926C503ED00E87E0C /* XCRemoteSwiftPackageReference "AlamofireImage" */ = {
			isa = XCRemoteSwiftPackageReference;
			repositoryURL = "https://github.com/Alamofire/AlamofireImage";
			requirement = {
				kind = upToNextMajorVersion;
				minimumVersion = 4.2.0;
			};
		};
/* End XCRemoteSwiftPackageReference section */

/* Begin XCSwiftPackageProductDependency section */
		F24B2F2A26C503ED00E87E0C /* AlamofireImage */ = {
			isa = XCSwiftPackageProductDependency;
			package = F24B2F2926C503ED00E87E0C /* XCRemoteSwiftPackageReference "AlamofireImage" */;
			productName = AlamofireImage;
		};
/* End XCSwiftPackageProductDependency section */
	};
	rootObject = F24B2EE026C4F90500E87E0C /* Project object */;
}
